
Microsoft Visual Studio Solution File, Format Version 12.00
# Visual Studio 14
VisualStudioVersion = 14.0.22823.1
MinimumVisualStudioVersion = 10.0.40219.1
Project("{FAE04EC0-301F-11D3-BF4B-00C04F79EFBC}") = "Mixins", "Mixins\Mixins.csproj", "{69DAA05A-5802-4F9C-9B7A-2E5698190597}"
EndProject
Project("{FAE04EC0-301F-11D3-BF4B-00C04F79EFBC}") = "Mixins.Annotations", "Mixins.Annotations\Mixins.Annotations.csproj", "{9D4240B3-F7A7-4EDC-A1BE-B83309B8C2FB}"
EndProject
Project("{2150E333-8FDC-42A3-9474-1A3956D46DE8}") = "Analyzer", "Analyzer", "{06ED8711-AB01-48B0-BD72-3D203C54A860}"
EndProject
Project("{FAE04EC0-301F-11D3-BF4B-00C04F79EFBC}") = "MixinGenerator", "MixinGenerator\MixinGenerator\MixinGenerator.csproj", "{B410D33F-D9F6-4591-933C-FF59E328AE9D}"
EndProject
Project("{FAE04EC0-301F-11D3-BF4B-00C04F79EFBC}") = "MixinGenerator.Test", "MixinGenerator\MixinGenerator.Test\MixinGenerator.Test.csproj", "{28956EF4-5908-4B86-BC41-BCE26451FC21}"
EndProject
Project("{FAE04EC0-301F-11D3-BF4B-00C04F79EFBC}") = "MixinGenerator.Vsix", "MixinGenerator\MixinGenerator.Vsix\MixinGenerator.Vsix.csproj", "{7C4DF92B-98E6-4124-B391-02463343217D}"
EndProject
Global
	GlobalSection(SolutionConfigurationPlatforms) = preSolution
		Debug|Any CPU = Debug|Any CPU
		Release|Any CPU = Release|Any CPU
	EndGlobalSection
	GlobalSection(ProjectConfigurationPlatforms) = postSolution
		{69DAA05A-5802-4F9C-9B7A-2E5698190597}.Debug|Any CPU.ActiveCfg = Debug|Any CPU
		{69DAA05A-5802-4F9C-9B7A-2E5698190597}.Debug|Any CPU.Build.0 = Debug|Any CPU
		{69DAA05A-5802-4F9C-9B7A-2E5698190597}.Release|Any CPU.ActiveCfg = Release|Any CPU
		{69DAA05A-5802-4F9C-9B7A-2E5698190597}.Release|Any CPU.Build.0 = Release|Any CPU
		{9D4240B3-F7A7-4EDC-A1BE-B83309B8C2FB}.Debug|Any CPU.ActiveCfg = Debug|Any CPU
		{9D4240B3-F7A7-4EDC-A1BE-B83309B8C2FB}.Debug|Any CPU.Build.0 = Debug|Any CPU
		{9D4240B3-F7A7-4EDC-A1BE-B83309B8C2FB}.Release|Any CPU.ActiveCfg = Release|Any CPU
		{9D4240B3-F7A7-4EDC-A1BE-B83309B8C2FB}.Release|Any CPU.Build.0 = Release|Any CPU
		{B410D33F-D9F6-4591-933C-FF59E328AE9D}.Debug|Any CPU.ActiveCfg = Debug|Any CPU
		{B410D33F-D9F6-4591-933C-FF59E328AE9D}.Debug|Any CPU.Build.0 = Debug|Any CPU
		{B410D33F-D9F6-4591-933C-FF59E328AE9D}.Release|Any CPU.ActiveCfg = Release|Any CPU
		{B410D33F-D9F6-4591-933C-FF59E328AE9D}.Release|Any CPU.Build.0 = Release|Any CPU
		{28956EF4-5908-4B86-BC41-BCE26451FC21}.Debug|Any CPU.ActiveCfg = Debug|Any CPU
		{28956EF4-5908-4B86-BC41-BCE26451FC21}.Debug|Any CPU.Build.0 = Debug|Any CPU
		{28956EF4-5908-4B86-BC41-BCE26451FC21}.Release|Any CPU.ActiveCfg = Release|Any CPU
		{28956EF4-5908-4B86-BC41-BCE26451FC21}.Release|Any CPU.Build.0 = Release|Any CPU
		{7C4DF92B-98E6-4124-B391-02463343217D}.Debug|Any CPU.ActiveCfg = Debug|Any CPU
		{7C4DF92B-98E6-4124-B391-02463343217D}.Debug|Any CPU.Build.0 = Debug|Any CPU
		{7C4DF92B-98E6-4124-B391-02463343217D}.Release|Any CPU.ActiveCfg = Release|Any CPU
		{7C4DF92B-98E6-4124-B391-02463343217D}.Release|Any CPU.Build.0 = Release|Any CPU
	EndGlobalSection
	GlobalSection(SolutionProperties) = preSolution
		HideSolutionNode = FALSE
	EndGlobalSection
	GlobalSection(NestedProjects) = preSolution
		{B410D33F-D9F6-4591-933C-FF59E328AE9D} = {06ED8711-AB01-48B0-BD72-3D203C54A860}
		{28956EF4-5908-4B86-BC41-BCE26451FC21} = {06ED8711-AB01-48B0-BD72-3D203C54A860}
		{7C4DF92B-98E6-4124-B391-02463343217D} = {06ED8711-AB01-48B0-BD72-3D203C54A860}
	EndGlobalSection
EndGlobal
